# This file is automatically @generated by Poetry 1.7.1 and should not be changed by hand.

[[package]]
name = "kobject"
version = "0.6.1"
description = "Know your object is a attribute type checker"
optional = false
python-versions = ">=3.10,<4.0"
files = [
    {file = "kobject-0.6.1-py3-none-any.whl", hash = "sha256:93c2c7881c8ec5929092c952503914c571ea7972dc5488144048fdb77114224e"},
    {file = "kobject-0.6.1.tar.gz", hash = "sha256:e55facac67dfd4882882eb4016ef9c64c6151179cb03da793d452a50839f6138"},
]

[metadata]
lock-version = "2.0"
python-versions = "^3.11"
content-hash = "74af8ba39a31ba7ae8573f3c81c8e4e266d5d4a3eaddd7ada23aaa0a6227ed18"
